
Microsoft Visual Studio Solution File, Format Version 12.00
# Visual Studio 15
VisualStudioVersion = 15.0.26430.12
MinimumVisualStudioVersion = 10.0.40219.1
Project("{D954291E-2A0B-460D-934E-DC6B0785DB48}") = "App1", "App1\App1\App1.shproj", "{D4D3577C-9D0D-459C-A288-6931298EE1B9}"
EndProject
Project("{FAE04EC0-301F-11D3-BF4B-00C04F79EFBC}") = "App1.Android", "App1\App1.Android\App1.Android.csproj", "{28A48328-9976-40FE-9D24-219CE42DF283}"
EndProject
Project("{FAE04EC0-301F-11D3-BF4B-00C04F79EFBC}") = "App1.iOS", "App1\App1.iOS\App1.iOS.csproj", "{833B2235-BD3F-4E8A-8BDD-5EB68001DEE7}"
EndProject
Project("{FAE04EC0-301F-11D3-BF4B-00C04F79EFBC}") = "App1.UWP", "App1\App1.UWP\App1.UWP.csproj", "{B5D63DFA-8382-409C-B1BC-8D1B454AECEE}"
EndProject
Global
	GlobalSection(SharedMSBuildProjectFiles) = preSolution
		App1\App1\App1.projitems*{28a48328-9976-40fe-9d24-219ce42df283}*SharedItemsImports = 4
		App1\App1\App1.projitems*{833b2235-bd3f-4e8a-8bdd-5eb68001dee7}*SharedItemsImports = 4
		App1\App1\App1.projitems*{b5d63dfa-8382-409c-b1bc-8d1b454aecee}*SharedItemsImports = 4
		App1\App1\App1.projitems*{d4d3577c-9d0d-459c-a288-6931298ee1b9}*SharedItemsImports = 13
	EndGlobalSection
	GlobalSection(SolutionConfigurationPlatforms) = preSolution
		Ad-Hoc|Any CPU = Ad-Hoc|Any CPU
		Ad-Hoc|ARM = Ad-Hoc|ARM
		Ad-Hoc|iPhone = Ad-Hoc|iPhone
		Ad-Hoc|iPhoneSimulator = Ad-Hoc|iPhoneSimulator
		Ad-Hoc|x64 = Ad-Hoc|x64
		Ad-Hoc|x86 = Ad-Hoc|x86
		AppStore|Any CPU = AppStore|Any CPU
		AppStore|ARM = AppStore|ARM
		AppStore|iPhone = AppStore|iPhone
		AppStore|iPhoneSimulator = AppStore|iPhoneSimulator
		AppStore|x64 = AppStore|x64
		AppStore|x86 = AppStore|x86
		Debug|Any CPU = Debug|Any CPU
		Debug|ARM = Debug|ARM
		Debug|iPhone = Debug|iPhone
		Debug|iPhoneSimulator = Debug|iPhoneSimulator
		Debug|x64 = Debug|x64
		Debug|x86 = Debug|x86
		Release|Any CPU = Release|Any CPU
		Release|ARM = Release|ARM
		Release|iPhone = Release|iPhone
		Release|iPhoneSimulator = Release|iPhoneSimulator
		Release|x64 = Release|x64
		Release|x86 = Release|x86
	EndGlobalSection
	GlobalSection(ProjectConfigurationPlatforms) = postSolution
		{28A48328-9976-40FE-9D24-219CE42DF283}.Ad-Hoc|Any CPU.ActiveCfg = Release|Any CPU
		{28A48328-9976-40FE-9D24-219CE42DF283}.Ad-Hoc|Any CPU.Build.0 = Release|Any CPU
		{28A48328-9976-40FE-9D24-219CE42DF283}.Ad-Hoc|Any CPU.Deploy.0 = Release|Any CPU
		{28A48328-9976-40FE-9D24-219CE42DF283}.Ad-Hoc|ARM.ActiveCfg = Release|Any CPU
		{28A48328-9976-40FE-9D24-219CE42DF283}.Ad-Hoc|ARM.Build.0 = Release|Any CPU
		{28A48328-9976-40FE-9D24-219CE42DF283}.Ad-Hoc|ARM.Deploy.0 = Release|Any CPU
		{28A48328-9976-40FE-9D24-219CE42DF283}.Ad-Hoc|iPhone.ActiveCfg = Release|Any CPU
		{28A48328-9976-40FE-9D24-219CE42DF283}.Ad-Hoc|iPhone.Build.0 = Release|Any CPU
		{28A48328-9976-40FE-9D24-219CE42DF283}.Ad-Hoc|iPhone.Deploy.0 = Release|Any CPU
		{28A48328-9976-40FE-9D24-219CE42DF283}.Ad-Hoc|iPhoneSimulator.ActiveCfg = Release|Any CPU
		{28A48328-9976-40FE-9D24-219CE42DF283}.Ad-Hoc|iPhoneSimulator.Build.0 = Release|Any CPU
		{28A48328-9976-40FE-9D24-219CE42DF283}.Ad-Hoc|iPhoneSimulator.Deploy.0 = Release|Any CPU
		{28A48328-9976-40FE-9D24-219CE42DF283}.Ad-Hoc|x64.ActiveCfg = Release|Any CPU
		{28A48328-9976-40FE-9D24-219CE42DF283}.Ad-Hoc|x64.Build.0 = Release|Any CPU
		{28A48328-9976-40FE-9D24-219CE42DF283}.Ad-Hoc|x64.Deploy.0 = Release|Any CPU
		{28A48328-9976-40FE-9D24-219CE42DF283}.Ad-Hoc|x86.ActiveCfg = Release|Any CPU
		{28A48328-9976-40FE-9D24-219CE42DF283}.Ad-Hoc|x86.Build.0 = Release|Any CPU
		{28A48328-9976-40FE-9D24-219CE42DF283}.Ad-Hoc|x86.Deploy.0 = Release|Any CPU
		{28A48328-9976-40FE-9D24-219CE42DF283}.AppStore|Any CPU.ActiveCfg = Release|Any CPU
		{28A48328-9976-40FE-9D24-219CE42DF283}.AppStore|Any CPU.Build.0 = Release|Any CPU
		{28A48328-9976-40FE-9D24-219CE42DF283}.AppStore|Any CPU.Deploy.0 = Release|Any CPU
		{28A48328-9976-40FE-9D24-219CE42DF283}.AppStore|ARM.ActiveCfg = Release|Any CPU
		{28A48328-9976-40FE-9D24-219CE42DF283}.AppStore|ARM.Build.0 = Release|Any CPU
		{28A48328-9976-40FE-9D24-219CE42DF283}.AppStore|ARM.Deploy.0 = Release|Any CPU
		{28A48328-9976-40FE-9D24-219CE42DF283}.AppStore|iPhone.ActiveCfg = Release|Any CPU
		{28A48328-9976-40FE-9D24-219CE42DF283}.AppStore|iPhone.Build.0 = Release|Any CPU
		{28A48328-9976-40FE-9D24-219CE42DF283}.AppStore|iPhone.Deploy.0 = Release|Any CPU
		{28A48328-9976-40FE-9D24-219CE42DF283}.AppStore|iPhoneSimulator.ActiveCfg = Release|Any CPU
		{28A48328-9976-40FE-9D24-219CE42DF283}.AppStore|iPhoneSimulator.Build.0 = Release|Any CPU
		{28A48328-9976-40FE-9D24-219CE42DF283}.AppStore|iPhoneSimulator.Deploy.0 = Release|Any CPU
		{28A48328-9976-40FE-9D24-219CE42DF283}.AppStore|x64.ActiveCfg = Release|Any CPU
		{28A48328-9976-40FE-9D24-219CE42DF283}.AppStore|x64.Build.0 = Release|Any CPU
		{28A48328-9976-40FE-9D24-219CE42DF283}.AppStore|x64.Deploy.0 = Release|Any CPU
		{28A48328-9976-40FE-9D24-219CE42DF283}.AppStore|x86.ActiveCfg = Release|Any CPU
		{28A48328-9976-40FE-9D24-219CE42DF283}.AppStore|x86.Build.0 = Release|Any CPU
		{28A48328-9976-40FE-9D24-219CE42DF283}.AppStore|x86.Deploy.0 = Release|Any CPU
		{28A48328-9976-40FE-9D24-219CE42DF283}.Debug|Any CPU.ActiveCfg = Debug|Any CPU
		{28A48328-9976-40FE-9D24-219CE42DF283}.Debug|Any CPU.Build.0 = Debug|Any CPU
		{28A48328-9976-40FE-9D24-219CE42DF283}.Debug|Any CPU.Deploy.0 = Debug|Any CPU
		{28A48328-9976-40FE-9D24-219CE42DF283}.Debug|ARM.ActiveCfg = Debug|Any CPU
		{28A48328-9976-40FE-9D24-219CE42DF283}.Debug|ARM.Build.0 = Debug|Any CPU
		{28A48328-9976-40FE-9D24-219CE42DF283}.Debug|ARM.Deploy.0 = Debug|Any CPU
		{28A48328-9976-40FE-9D24-219CE42DF283}.Debug|iPhone.ActiveCfg = Debug|Any CPU
		{28A48328-9976-40FE-9D24-219CE42DF283}.Debug|iPhone.Build.0 = Debug|Any CPU
		{28A48328-9976-40FE-9D24-219CE42DF283}.Debug|iPhone.Deploy.0 = Debug|Any CPU
		{28A48328-9976-40FE-9D24-219CE42DF283}.Debug|iPhoneSimulator.ActiveCfg = Debug|Any CPU
		{28A48328-9976-40FE-9D24-219CE42DF283}.Debug|iPhoneSimulator.Build.0 = Debug|Any CPU
		{28A48328-9976-40FE-9D24-219CE42DF283}.Debug|iPhoneSimulator.Deploy.0 = Debug|Any CPU
		{28A48328-9976-40FE-9D24-219CE42DF283}.Debug|x64.ActiveCfg = Debug|Any CPU
		{28A48328-9976-40FE-9D24-219CE42DF283}.Debug|x64.Build.0 = Debug|Any CPU
		{28A48328-9976-40FE-9D24-219CE42DF283}.Debug|x64.Deploy.0 = Debug|Any CPU
		{28A48328-9976-40FE-9D24-219CE42DF283}.Debug|x86.ActiveCfg = Debug|Any CPU
		{28A48328-9976-40FE-9D24-219CE42DF283}.Debug|x86.Build.0 = Debug|Any CPU
		{28A48328-9976-40FE-9D24-219CE42DF283}.Debug|x86.Deploy.0 = Debug|Any CPU
		{28A48328-9976-40FE-9D24-219CE42DF283}.Release|Any CPU.ActiveCfg = Release|Any CPU
		{28A48328-9976-40FE-9D24-219CE42DF283}.Release|Any CPU.Build.0 = Release|Any CPU
		{28A48328-9976-40FE-9D24-219CE42DF283}.Release|Any CPU.Deploy.0 = Release|Any CPU
		{28A48328-9976-40FE-9D24-219CE42DF283}.Release|ARM.ActiveCfg = Release|Any CPU
		{28A48328-9976-40FE-9D24-219CE42DF283}.Release|ARM.Build.0 = Release|Any CPU
		{28A48328-9976-40FE-9D24-219CE42DF283}.Release|ARM.Deploy.0 = Release|Any CPU
		{28A48328-9976-40FE-9D24-219CE42DF283}.Release|iPhone.ActiveCfg = Release|Any CPU
		{28A48328-9976-40FE-9D24-219CE42DF283}.Release|iPhone.Build.0 = Release|Any CPU
		{28A48328-9976-40FE-9D24-219CE42DF283}.Release|iPhone.Deploy.0 = Release|Any CPU
		{28A48328-9976-40FE-9D24-219CE42DF283}.Release|iPhoneSimulator.ActiveCfg = Release|Any CPU
		{28A48328-9976-40FE-9D24-219CE42DF283}.Release|iPhoneSimulator.Build.0 = Release|Any CPU
		{28A48328-9976-40FE-9D24-219CE42DF283}.Release|iPhoneSimulator.Deploy.0 = Release|Any CPU
		{28A48328-9976-40FE-9D24-219CE42DF283}.Release|x64.ActiveCfg = Release|Any CPU
		{28A48328-9976-40FE-9D24-219CE42DF283}.Release|x64.Build.0 = Release|Any CPU
		{28A48328-9976-40FE-9D24-219CE42DF283}.Release|x64.Deploy.0 = Release|Any CPU
		{28A48328-9976-40FE-9D24-219CE42DF283}.Release|x86.ActiveCfg = Release|Any CPU
		{28A48328-9976-40FE-9D24-219CE42DF283}.Release|x86.Build.0 = Release|Any CPU
		{28A48328-9976-40FE-9D24-219CE42DF283}.Release|x86.Deploy.0 = Release|Any CPU
		{833B2235-BD3F-4E8A-8BDD-5EB68001DEE7}.Ad-Hoc|Any CPU.ActiveCfg = Ad-Hoc|iPhone
		{833B2235-BD3F-4E8A-8BDD-5EB68001DEE7}.Ad-Hoc|ARM.ActiveCfg = Ad-Hoc|iPhone
		{833B2235-BD3F-4E8A-8BDD-5EB68001DEE7}.Ad-Hoc|iPhone.ActiveCfg = Ad-Hoc|iPhone
		{833B2235-BD3F-4E8A-8BDD-5EB68001DEE7}.Ad-Hoc|iPhone.Build.0 = Ad-Hoc|iPhone
		{833B2235-BD3F-4E8A-8BDD-5EB68001DEE7}.Ad-Hoc|iPhoneSimulator.ActiveCfg = Ad-Hoc|iPhoneSimulator
		{833B2235-BD3F-4E8A-8BDD-5EB68001DEE7}.Ad-Hoc|iPhoneSimulator.Build.0 = Ad-Hoc|iPhoneSimulator
		{833B2235-BD3F-4E8A-8BDD-5EB68001DEE7}.Ad-Hoc|x64.ActiveCfg = Ad-Hoc|iPhone
		{833B2235-BD3F-4E8A-8BDD-5EB68001DEE7}.Ad-Hoc|x86.ActiveCfg = Ad-Hoc|iPhone
		{833B2235-BD3F-4E8A-8BDD-5EB68001DEE7}.AppStore|Any CPU.ActiveCfg = AppStore|iPhone
		{833B2235-BD3F-4E8A-8BDD-5EB68001DEE7}.AppStore|ARM.ActiveCfg = AppStore|iPhone
		{833B2235-BD3F-4E8A-8BDD-5EB68001DEE7}.AppStore|iPhone.ActiveCfg = AppStore|iPhone
		{833B2235-BD3F-4E8A-8BDD-5EB68001DEE7}.AppStore|iPhone.Build.0 = AppStore|iPhone
		{833B2235-BD3F-4E8A-8BDD-5EB68001DEE7}.AppStore|iPhoneSimulator.ActiveCfg = AppStore|iPhoneSimulator
		{833B2235-BD3F-4E8A-8BDD-5EB68001DEE7}.AppStore|iPhoneSimulator.Build.0 = AppStore|iPhoneSimulator
		{833B2235-BD3F-4E8A-8BDD-5EB68001DEE7}.AppStore|x64.ActiveCfg = AppStore|iPhone
		{833B2235-BD3F-4E8A-8BDD-5EB68001DEE7}.AppStore|x86.ActiveCfg = AppStore|iPhone
		{833B2235-BD3F-4E8A-8BDD-5EB68001DEE7}.Debug|Any CPU.ActiveCfg = Debug|iPhone
		{833B2235-BD3F-4E8A-8BDD-5EB68001DEE7}.Debug|ARM.ActiveCfg = Debug|iPhone
		{833B2235-BD3F-4E8A-8BDD-5EB68001DEE7}.Debug|iPhone.ActiveCfg = Debug|iPhone
		{833B2235-BD3F-4E8A-8BDD-5EB68001DEE7}.Debug|iPhone.Build.0 = Debug|iPhone
		{833B2235-BD3F-4E8A-8BDD-5EB68001DEE7}.Debug|iPhoneSimulator.ActiveCfg = Debug|iPhoneSimulator
		{833B2235-BD3F-4E8A-8BDD-5EB68001DEE7}.Debug|iPhoneSimulator.Build.0 = Debug|iPhoneSimulator
		{833B2235-BD3F-4E8A-8BDD-5EB68001DEE7}.Debug|x64.ActiveCfg = Debug|iPhone
		{833B2235-BD3F-4E8A-8BDD-5EB68001DEE7}.Debug|x86.ActiveCfg = Debug|iPhone
		{833B2235-BD3F-4E8A-8BDD-5EB68001DEE7}.Release|Any CPU.ActiveCfg = Release|iPhone
		{833B2235-BD3F-4E8A-8BDD-5EB68001DEE7}.Release|ARM.ActiveCfg = Release|iPhone
		{833B2235-BD3F-4E8A-8BDD-5EB68001DEE7}.Release|iPhone.ActiveCfg = Release|iPhone
		{833B2235-BD3F-4E8A-8BDD-5EB68001DEE7}.Release|iPhone.Build.0 = Release|iPhone
		{833B2235-BD3F-4E8A-8BDD-5EB68001DEE7}.Release|iPhoneSimulator.ActiveCfg = Release|iPhoneSimulator
		{833B2235-BD3F-4E8A-8BDD-5EB68001DEE7}.Release|iPhoneSimulator.Build.0 = Release|iPhoneSimulator
		{833B2235-BD3F-4E8A-8BDD-5EB68001DEE7}.Release|x64.ActiveCfg = Release|iPhone
		{833B2235-BD3F-4E8A-8BDD-5EB68001DEE7}.Release|x86.ActiveCfg = Release|iPhone
		{B5D63DFA-8382-409C-B1BC-8D1B454AECEE}.Ad-Hoc|Any CPU.ActiveCfg = Release|x86
		{B5D63DFA-8382-409C-B1BC-8D1B454AECEE}.Ad-Hoc|Any CPU.Build.0 = Release|x86
		{B5D63DFA-8382-409C-B1BC-8D1B454AECEE}.Ad-Hoc|Any CPU.Deploy.0 = Release|x86
		{B5D63DFA-8382-409C-B1BC-8D1B454AECEE}.Ad-Hoc|ARM.ActiveCfg = Release|ARM
		{B5D63DFA-8382-409C-B1BC-8D1B454AECEE}.Ad-Hoc|ARM.Build.0 = Release|ARM
		{B5D63DFA-8382-409C-B1BC-8D1B454AECEE}.Ad-Hoc|ARM.Deploy.0 = Release|ARM
		{B5D63DFA-8382-409C-B1BC-8D1B454AECEE}.Ad-Hoc|iPhone.ActiveCfg = Release|x86
		{B5D63DFA-8382-409C-B1BC-8D1B454AECEE}.Ad-Hoc|iPhone.Build.0 = Release|x86
		{B5D63DFA-8382-409C-B1BC-8D1B454AECEE}.Ad-Hoc|iPhone.Deploy.0 = Release|x86
		{B5D63DFA-8382-409C-B1BC-8D1B454AECEE}.Ad-Hoc|iPhoneSimulator.ActiveCfg = Release|x86
		{B5D63DFA-8382-409C-B1BC-8D1B454AECEE}.Ad-Hoc|iPhoneSimulator.Build.0 = Release|x86
		{B5D63DFA-8382-409C-B1BC-8D1B454AECEE}.Ad-Hoc|iPhoneSimulator.Deploy.0 = Release|x86
		{B5D63DFA-8382-409C-B1BC-8D1B454AECEE}.Ad-Hoc|x64.ActiveCfg = Release|x64
		{B5D63DFA-8382-409C-B1BC-8D1B454AECEE}.Ad-Hoc|x64.Build.0 = Release|x64
		{B5D63DFA-8382-409C-B1BC-8D1B454AECEE}.Ad-Hoc|x64.Deploy.0 = Release|x64
		{B5D63DFA-8382-409C-B1BC-8D1B454AECEE}.Ad-Hoc|x86.ActiveCfg = Release|x86
		{B5D63DFA-8382-409C-B1BC-8D1B454AECEE}.Ad-Hoc|x86.Build.0 = Release|x86
		{B5D63DFA-8382-409C-B1BC-8D1B454AECEE}.Ad-Hoc|x86.Deploy.0 = Release|x86
		{B5D63DFA-8382-409C-B1BC-8D1B454AECEE}.AppStore|Any CPU.ActiveCfg = Release|x86
		{B5D63DFA-8382-409C-B1BC-8D1B454AECEE}.AppStore|Any CPU.Build.0 = Release|x86
		{B5D63DFA-8382-409C-B1BC-8D1B454AECEE}.AppStore|Any CPU.Deploy.0 = Release|x86
		{B5D63DFA-8382-409C-B1BC-8D1B454AECEE}.AppStore|ARM.ActiveCfg = Release|ARM
		{B5D63DFA-8382-409C-B1BC-8D1B454AECEE}.AppStore|ARM.Build.0 = Release|ARM
		{B5D63DFA-8382-409C-B1BC-8D1B454AECEE}.AppStore|ARM.Deploy.0 = Release|ARM
		{B5D63DFA-8382-409C-B1BC-8D1B454AECEE}.AppStore|iPhone.ActiveCfg = Release|x86
		{B5D63DFA-8382-409C-B1BC-8D1B454AECEE}.AppStore|iPhone.Build.0 = Release|x86
		{B5D63DFA-8382-409C-B1BC-8D1B454AECEE}.AppStore|iPhone.Deploy.0 = Release|x86
		{B5D63DFA-8382-409C-B1BC-8D1B454AECEE}.AppStore|iPhoneSimulator.ActiveCfg = Release|x86
		{B5D63DFA-8382-409C-B1BC-8D1B454AECEE}.AppStore|iPhoneSimulator.Build.0 = Release|x86
		{B5D63DFA-8382-409C-B1BC-8D1B454AECEE}.AppStore|iPhoneSimulator.Deploy.0 = Release|x86
		{B5D63DFA-8382-409C-B1BC-8D1B454AECEE}.AppStore|x64.ActiveCfg = Release|x64
		{B5D63DFA-8382-409C-B1BC-8D1B454AECEE}.AppStore|x64.Build.0 = Release|x64
		{B5D63DFA-8382-409C-B1BC-8D1B454AECEE}.AppStore|x64.Deploy.0 = Release|x64
		{B5D63DFA-8382-409C-B1BC-8D1B454AECEE}.AppStore|x86.ActiveCfg = Release|x86
		{B5D63DFA-8382-409C-B1BC-8D1B454AECEE}.AppStore|x86.Build.0 = Release|x86
		{B5D63DFA-8382-409C-B1BC-8D1B454AECEE}.AppStore|x86.Deploy.0 = Release|x86
		{B5D63DFA-8382-409C-B1BC-8D1B454AECEE}.Debug|Any CPU.ActiveCfg = Debug|x86
		{B5D63DFA-8382-409C-B1BC-8D1B454AECEE}.Debug|ARM.ActiveCfg = Debug|ARM
		{B5D63DFA-8382-409C-B1BC-8D1B454AECEE}.Debug|ARM.Build.0 = Debug|ARM
		{B5D63DFA-8382-409C-B1BC-8D1B454AECEE}.Debug|ARM.Deploy.0 = Debug|ARM
		{B5D63DFA-8382-409C-B1BC-8D1B454AECEE}.Debug|iPhone.ActiveCfg = Debug|x86
		{B5D63DFA-8382-409C-B1BC-8D1B454AECEE}.Debug|iPhoneSimulator.ActiveCfg = Debug|x86
		{B5D63DFA-8382-409C-B1BC-8D1B454AECEE}.Debug|x64.ActiveCfg = Debug|x64
		{B5D63DFA-8382-409C-B1BC-8D1B454AECEE}.Debug|x64.Build.0 = Debug|x64
		{B5D63DFA-8382-409C-B1BC-8D1B454AECEE}.Debug|x64.Deploy.0 = Debug|x64
		{B5D63DFA-8382-409C-B1BC-8D1B454AECEE}.Debug|x86.ActiveCfg = Debug|x86
		{B5D63DFA-8382-409C-B1BC-8D1B454AECEE}.Debug|x86.Build.0 = Debug|x86
		{B5D63DFA-8382-409C-B1BC-8D1B454AECEE}.Debug|x86.Deploy.0 = Debug|x86
		{B5D63DFA-8382-409C-B1BC-8D1B454AECEE}.Release|Any CPU.ActiveCfg = Release|x86
		{B5D63DFA-8382-409C-B1BC-8D1B454AECEE}.Release|ARM.ActiveCfg = Release|ARM
		{B5D63DFA-8382-409C-B1BC-8D1B454AECEE}.Release|ARM.Build.0 = Release|ARM
		{B5D63DFA-8382-409C-B1BC-8D1B454AECEE}.Release|ARM.Deploy.0 = Release|ARM
		{B5D63DFA-8382-409C-B1BC-8D1B454AECEE}.Release|iPhone.ActiveCfg = Release|x86
		{B5D63DFA-8382-409C-B1BC-8D1B454AECEE}.Release|iPhoneSimulator.ActiveCfg = Release|x86
		{B5D63DFA-8382-409C-B1BC-8D1B454AECEE}.Release|x64.ActiveCfg = Release|x64
		{B5D63DFA-8382-409C-B1BC-8D1B454AECEE}.Release|x64.Build.0 = Release|x64
		{B5D63DFA-8382-409C-B1BC-8D1B454AECEE}.Release|x64.Deploy.0 = Release|x64
		{B5D63DFA-8382-409C-B1BC-8D1B454AECEE}.Release|x86.ActiveCfg = Release|x86
		{B5D63DFA-8382-409C-B1BC-8D1B454AECEE}.Release|x86.Build.0 = Release|x86
		{B5D63DFA-8382-409C-B1BC-8D1B454AECEE}.Release|x86.Deploy.0 = Release|x86
	EndGlobalSection
	GlobalSection(SolutionProperties) = preSolution
		HideSolutionNode = FALSE
	EndGlobalSection
EndGlobal
